
Microsoft Visual Studio Solution File, Format Version 12.00
# Visual Studio Version 17
VisualStudioVersion = 17.4.33205.214
MinimumVisualStudioVersion = 10.0.40219.1
Project("{2150E333-8FDC-42A3-9474-1A3956D46DE8}") = "src", "src", "{964E9F84-8AF7-44DD-8472-1B4F9A74D409}"
EndProject
Project("{9A19103F-16F7-4668-BE54-9A1E7A4F7556}") = "CoffeeShop.Api", "src\CoffeeShop.Api\CoffeeShop.Api.csproj", "{C6B39947-2265-4D12-8BD8-200CD0257224}"
EndProject
Project("{9A19103F-16F7-4668-BE54-9A1E7A4F7556}") = "CoffeeShop.Domain", "src\CoffeeShop.Domain\CoffeeShop.Domain.csproj", "{7D81BA91-8E02-4652-8B8B-9BFDE5B30B6F}"
EndProject
Project("{FAE04EC0-301F-11D3-BF4B-00C04F79EFBC}") = "CoffeeShop.Core", "src\CoffeeShop.Core\CoffeeShop.Core.csproj", "{E241B648-FF30-4498-99AB-3FB823FA9872}"
EndProject
Project("{FAE04EC0-301F-11D3-BF4B-00C04F79EFBC}") = "CoffeeShop.Persistance", "src\CoffeeShop.Persistance\CoffeeShop.Persistance.csproj", "{58A9CFAC-F22D-4BF9-896B-408376B3B797}"
EndProject
Project("{FAE04EC0-301F-11D3-BF4B-00C04F79EFBC}") = "CoffeeShop.Business", "src\CoffeeShop.Business\CoffeeShop.Business.csproj", "{090F6D0B-0614-4B55-9078-6A8F6810172C}"
EndProject
Global
	GlobalSection(SolutionConfigurationPlatforms) = preSolution
		Debug|Any CPU = Debug|Any CPU
		Release|Any CPU = Release|Any CPU
	EndGlobalSection
	GlobalSection(ProjectConfigurationPlatforms) = postSolution
		{C6B39947-2265-4D12-8BD8-200CD0257224}.Debug|Any CPU.ActiveCfg = Debug|Any CPU
		{C6B39947-2265-4D12-8BD8-200CD0257224}.Debug|Any CPU.Build.0 = Debug|Any CPU
		{C6B39947-2265-4D12-8BD8-200CD0257224}.Release|Any CPU.ActiveCfg = Release|Any CPU
		{C6B39947-2265-4D12-8BD8-200CD0257224}.Release|Any CPU.Build.0 = Release|Any CPU
		{7D81BA91-8E02-4652-8B8B-9BFDE5B30B6F}.Debug|Any CPU.ActiveCfg = Debug|Any CPU
		{7D81BA91-8E02-4652-8B8B-9BFDE5B30B6F}.Debug|Any CPU.Build.0 = Debug|Any CPU
		{7D81BA91-8E02-4652-8B8B-9BFDE5B30B6F}.Release|Any CPU.ActiveCfg = Release|Any CPU
		{7D81BA91-8E02-4652-8B8B-9BFDE5B30B6F}.Release|Any CPU.Build.0 = Release|Any CPU
		{E241B648-FF30-4498-99AB-3FB823FA9872}.Debug|Any CPU.ActiveCfg = Debug|Any CPU
		{E241B648-FF30-4498-99AB-3FB823FA9872}.Debug|Any CPU.Build.0 = Debug|Any CPU
		{E241B648-FF30-4498-99AB-3FB823FA9872}.Release|Any CPU.ActiveCfg = Release|Any CPU
		{E241B648-FF30-4498-99AB-3FB823FA9872}.Release|Any CPU.Build.0 = Release|Any CPU
		{58A9CFAC-F22D-4BF9-896B-408376B3B797}.Debug|Any CPU.ActiveCfg = Debug|Any CPU
		{58A9CFAC-F22D-4BF9-896B-408376B3B797}.Debug|Any CPU.Build.0 = Debug|Any CPU
		{58A9CFAC-F22D-4BF9-896B-408376B3B797}.Release|Any CPU.ActiveCfg = Release|Any CPU
		{58A9CFAC-F22D-4BF9-896B-408376B3B797}.Release|Any CPU.Build.0 = Release|Any CPU
		{090F6D0B-0614-4B55-9078-6A8F6810172C}.Debug|Any CPU.ActiveCfg = Debug|Any CPU
		{090F6D0B-0614-4B55-9078-6A8F6810172C}.Debug|Any CPU.Build.0 = Debug|Any CPU
		{090F6D0B-0614-4B55-9078-6A8F6810172C}.Release|Any CPU.ActiveCfg = Release|Any CPU
		{090F6D0B-0614-4B55-9078-6A8F6810172C}.Release|Any CPU.Build.0 = Release|Any CPU
	EndGlobalSection
	GlobalSection(SolutionProperties) = preSolution
		HideSolutionNode = FALSE
	EndGlobalSection
	GlobalSection(NestedProjects) = preSolution
		{C6B39947-2265-4D12-8BD8-200CD0257224} = {964E9F84-8AF7-44DD-8472-1B4F9A74D409}
		{7D81BA91-8E02-4652-8B8B-9BFDE5B30B6F} = {964E9F84-8AF7-44DD-8472-1B4F9A74D409}
		{E241B648-FF30-4498-99AB-3FB823FA9872} = {964E9F84-8AF7-44DD-8472-1B4F9A74D409}
		{58A9CFAC-F22D-4BF9-896B-408376B3B797} = {964E9F84-8AF7-44DD-8472-1B4F9A74D409}
		{090F6D0B-0614-4B55-9078-6A8F6810172C} = {964E9F84-8AF7-44DD-8472-1B4F9A74D409}
	EndGlobalSection
	GlobalSection(ExtensibilityGlobals) = postSolution
		SolutionGuid = {572E1034-BBD1-4609-B954-094D3DAD0EEB}
	EndGlobalSection
EndGlobal
